
Microsoft Visual Studio Solution File, Format Version 12.00
# Visual Studio Version 17
VisualStudioVersion = 17.8.34511.84
MinimumVisualStudioVersion = 10.0.40219.1
Project("{9A19103F-16F7-4668-BE54-9A1E7A4F7556}") = "Lesson8Task_", "Lesson8Task_.csproj", "{D850B410-ED0C-40AE-B090-6492BD8C342E}"
EndProject
Global
	GlobalSection(SolutionConfigurationPlatforms) = preSolution
		Debug|Any CPU = Debug|Any CPU
		Release|Any CPU = Release|Any CPU
	EndGlobalSection
	GlobalSection(ProjectConfigurationPlatforms) = postSolution
		{D850B410-ED0C-40AE-B090-6492BD8C342E}.Debug|Any CPU.ActiveCfg = Debug|Any CPU
		{D850B410-ED0C-40AE-B090-6492BD8C342E}.Debug|Any CPU.Build.0 = Debug|Any CPU
		{D850B410-ED0C-40AE-B090-6492BD8C342E}.Release|Any CPU.ActiveCfg = Release|Any CPU
		{D850B410-ED0C-40AE-B090-6492BD8C342E}.Release|Any CPU.Build.0 = Release|Any CPU
	EndGlobalSection
	GlobalSection(SolutionProperties) = preSolution
		HideSolutionNode = FALSE
	EndGlobalSection
	GlobalSection(ExtensibilityGlobals) = postSolution
		SolutionGuid = {3150306B-F62A-4681-96D7-A22FF22BB4C1}
	EndGlobalSection
EndGlobal
